
Microsoft Visual Studio Solution File, Format Version 12.00
# Visual Studio Version 17
VisualStudioVersion = 17.11.35222.181
MinimumVisualStudioVersion = 10.0.40219.1
Project("{2150E333-8FDC-42A3-9474-1A3956D46DE8}") = "Aplication", "Aplication", "{EEEEAA34-ED8E-4944-AB50-9EB66FA76CD0}"
EndProject
Project("{2150E333-8FDC-42A3-9474-1A3956D46DE8}") = "Presentation", "Presentation", "{07A43365-0D6F-4004-96E3-16543B475F0D}"
EndProject
Project("{2150E333-8FDC-42A3-9474-1A3956D46DE8}") = "Domain", "Domain", "{F20574BD-3D75-4983-8BA7-1B0F4CF95A71}"
EndProject
Project("{FAE04EC0-301F-11D3-BF4B-00C04F79EFBC}") = "SWCE.Aplicatition", "SWCE.Aplicatition\SWCE.Aplicatition.csproj", "{0B6CA3AD-28BE-47C4-836B-AB7F6835E96B}"
EndProject
Project("{FAE04EC0-301F-11D3-BF4B-00C04F79EFBC}") = "SWCE.Domain", "SWCE.Domain\SWCE.Domain.csproj", "{A3EA0042-F0E7-478D-A614-5BFCE086ED47}"
EndProject
Project("{FAE04EC0-301F-11D3-BF4B-00C04F79EFBC}") = "SWCE.Web", "SWCE.Web1\SWCE.Web.csproj", "{A2E63C9D-15EE-410F-9A4C-7DFF3E84A145}"
EndProject
Project("{2150E333-8FDC-42A3-9474-1A3956D46DE8}") = "Infraestructure", "Infraestructure", "{BF6237E2-29D2-468B-874E-9CC1323FACE4}"
EndProject
Project("{FAE04EC0-301F-11D3-BF4B-00C04F79EFBC}") = "SWCE.Infraestructure", "SWCE.Infraestructure\SWCE.Infraestructure.csproj", "{2A8A09CA-C91D-4B4A-8751-0CE6058DE48A}"
EndProject
Project("{FAE04EC0-301F-11D3-BF4B-00C04F79EFBC}") = "SWCE.Persistence", "SWCE.Persistence\SWCE.Persistence.csproj", "{67F9BA03-17DC-4971-9F64-0EC4C5A018F1}"
EndProject
Project("{2150E333-8FDC-42A3-9474-1A3956D46DE8}") = "Api", "Api", "{D27D2A00-FA1F-47CA-B31A-C0CFB2ADE65D}"
EndProject
Project("{FAE04EC0-301F-11D3-BF4B-00C04F79EFBC}") = "SWCE.Api", "SWCE.Api\SWCE.Api.csproj", "{1B853ACA-FEB1-4005-A90F-1694B525780F}"
EndProject
Project("{2150E333-8FDC-42A3-9474-1A3956D46DE8}") = "IOC", "IOC", "{112BE27C-C392-4D2C-A2F3-57C5E8A10701}"
EndProject
Project("{FAE04EC0-301F-11D3-BF4B-00C04F79EFBC}") = "SWCE.IOC", "SWCE.IOC\SWCE.IOC.csproj", "{63DD489B-DB36-4E02-B878-E459FEB8015B}"
EndProject
Project("{2150E333-8FDC-42A3-9474-1A3956D46DE8}") = "Test", "Test", "{79C4D573-3769-44DF-AE34-BFFBB808C92E}"
EndProject
Project("{FAE04EC0-301F-11D3-BF4B-00C04F79EFBC}") = "SWCE.Persistence.Test", "SWCE.Persistence.Test\SWCE.Persistence.Test.csproj", "{9FE6F881-BD18-4852-A31F-6A3D179D22A7}"
EndProject
Project("{FAE04EC0-301F-11D3-BF4B-00C04F79EFBC}") = "SWCE.Model", "SWCE.Model\SWCE.Model.csproj", "{1B57AAE3-706C-45D4-9BB0-CA035228EC1F}"
EndProject
Project("{FAE04EC0-301F-11D3-BF4B-00C04F79EFBC}") = "SWCE.Aplication.Test", "SWCE.Aplication.Test\SWCE.Aplication.Test.csproj", "{53544589-3989-4354-959A-13306F7A15E0}"
EndProject
Global
	GlobalSection(SolutionConfigurationPlatforms) = preSolution
		Debug|Any CPU = Debug|Any CPU
		Release|Any CPU = Release|Any CPU
	EndGlobalSection
	GlobalSection(ProjectConfigurationPlatforms) = postSolution
		{0B6CA3AD-28BE-47C4-836B-AB7F6835E96B}.Debug|Any CPU.ActiveCfg = Debug|Any CPU
		{0B6CA3AD-28BE-47C4-836B-AB7F6835E96B}.Debug|Any CPU.Build.0 = Debug|Any CPU
		{0B6CA3AD-28BE-47C4-836B-AB7F6835E96B}.Release|Any CPU.ActiveCfg = Release|Any CPU
		{0B6CA3AD-28BE-47C4-836B-AB7F6835E96B}.Release|Any CPU.Build.0 = Release|Any CPU
		{A3EA0042-F0E7-478D-A614-5BFCE086ED47}.Debug|Any CPU.ActiveCfg = Debug|Any CPU
		{A3EA0042-F0E7-478D-A614-5BFCE086ED47}.Debug|Any CPU.Build.0 = Debug|Any CPU
		{A3EA0042-F0E7-478D-A614-5BFCE086ED47}.Release|Any CPU.ActiveCfg = Release|Any CPU
		{A3EA0042-F0E7-478D-A614-5BFCE086ED47}.Release|Any CPU.Build.0 = Release|Any CPU
		{A2E63C9D-15EE-410F-9A4C-7DFF3E84A145}.Debug|Any CPU.ActiveCfg = Debug|Any CPU
		{A2E63C9D-15EE-410F-9A4C-7DFF3E84A145}.Debug|Any CPU.Build.0 = Debug|Any CPU
		{A2E63C9D-15EE-410F-9A4C-7DFF3E84A145}.Release|Any CPU.ActiveCfg = Release|Any CPU
		{A2E63C9D-15EE-410F-9A4C-7DFF3E84A145}.Release|Any CPU.Build.0 = Release|Any CPU
		{2A8A09CA-C91D-4B4A-8751-0CE6058DE48A}.Debug|Any CPU.ActiveCfg = Debug|Any CPU
		{2A8A09CA-C91D-4B4A-8751-0CE6058DE48A}.Debug|Any CPU.Build.0 = Debug|Any CPU
		{2A8A09CA-C91D-4B4A-8751-0CE6058DE48A}.Release|Any CPU.ActiveCfg = Release|Any CPU
		{2A8A09CA-C91D-4B4A-8751-0CE6058DE48A}.Release|Any CPU.Build.0 = Release|Any CPU
		{67F9BA03-17DC-4971-9F64-0EC4C5A018F1}.Debug|Any CPU.ActiveCfg = Debug|Any CPU
		{67F9BA03-17DC-4971-9F64-0EC4C5A018F1}.Debug|Any CPU.Build.0 = Debug|Any CPU
		{67F9BA03-17DC-4971-9F64-0EC4C5A018F1}.Release|Any CPU.ActiveCfg = Release|Any CPU
		{67F9BA03-17DC-4971-9F64-0EC4C5A018F1}.Release|Any CPU.Build.0 = Release|Any CPU
		{1B853ACA-FEB1-4005-A90F-1694B525780F}.Debug|Any CPU.ActiveCfg = Debug|Any CPU
		{1B853ACA-FEB1-4005-A90F-1694B525780F}.Debug|Any CPU.Build.0 = Debug|Any CPU
		{1B853ACA-FEB1-4005-A90F-1694B525780F}.Release|Any CPU.ActiveCfg = Release|Any CPU
		{1B853ACA-FEB1-4005-A90F-1694B525780F}.Release|Any CPU.Build.0 = Release|Any CPU
		{63DD489B-DB36-4E02-B878-E459FEB8015B}.Debug|Any CPU.ActiveCfg = Debug|Any CPU
		{63DD489B-DB36-4E02-B878-E459FEB8015B}.Debug|Any CPU.Build.0 = Debug|Any CPU
		{63DD489B-DB36-4E02-B878-E459FEB8015B}.Release|Any CPU.ActiveCfg = Release|Any CPU
		{63DD489B-DB36-4E02-B878-E459FEB8015B}.Release|Any CPU.Build.0 = Release|Any CPU
		{9FE6F881-BD18-4852-A31F-6A3D179D22A7}.Debug|Any CPU.ActiveCfg = Debug|Any CPU
		{9FE6F881-BD18-4852-A31F-6A3D179D22A7}.Debug|Any CPU.Build.0 = Debug|Any CPU
		{9FE6F881-BD18-4852-A31F-6A3D179D22A7}.Release|Any CPU.ActiveCfg = Release|Any CPU
		{9FE6F881-BD18-4852-A31F-6A3D179D22A7}.Release|Any CPU.Build.0 = Release|Any CPU
		{1B57AAE3-706C-45D4-9BB0-CA035228EC1F}.Debug|Any CPU.ActiveCfg = Debug|Any CPU
		{1B57AAE3-706C-45D4-9BB0-CA035228EC1F}.Debug|Any CPU.Build.0 = Debug|Any CPU
		{1B57AAE3-706C-45D4-9BB0-CA035228EC1F}.Release|Any CPU.ActiveCfg = Release|Any CPU
		{1B57AAE3-706C-45D4-9BB0-CA035228EC1F}.Release|Any CPU.Build.0 = Release|Any CPU
		{53544589-3989-4354-959A-13306F7A15E0}.Debug|Any CPU.ActiveCfg = Debug|Any CPU
		{53544589-3989-4354-959A-13306F7A15E0}.Debug|Any CPU.Build.0 = Debug|Any CPU
		{53544589-3989-4354-959A-13306F7A15E0}.Release|Any CPU.ActiveCfg = Release|Any CPU
		{53544589-3989-4354-959A-13306F7A15E0}.Release|Any CPU.Build.0 = Release|Any CPU
	EndGlobalSection
	GlobalSection(SolutionProperties) = preSolution
		HideSolutionNode = FALSE
	EndGlobalSection
	GlobalSection(NestedProjects) = preSolution
		{0B6CA3AD-28BE-47C4-836B-AB7F6835E96B} = {EEEEAA34-ED8E-4944-AB50-9EB66FA76CD0}
		{A3EA0042-F0E7-478D-A614-5BFCE086ED47} = {F20574BD-3D75-4983-8BA7-1B0F4CF95A71}
		{A2E63C9D-15EE-410F-9A4C-7DFF3E84A145} = {07A43365-0D6F-4004-96E3-16543B475F0D}
		{2A8A09CA-C91D-4B4A-8751-0CE6058DE48A} = {BF6237E2-29D2-468B-874E-9CC1323FACE4}
		{67F9BA03-17DC-4971-9F64-0EC4C5A018F1} = {BF6237E2-29D2-468B-874E-9CC1323FACE4}
		{1B853ACA-FEB1-4005-A90F-1694B525780F} = {D27D2A00-FA1F-47CA-B31A-C0CFB2ADE65D}
		{63DD489B-DB36-4E02-B878-E459FEB8015B} = {112BE27C-C392-4D2C-A2F3-57C5E8A10701}
		{9FE6F881-BD18-4852-A31F-6A3D179D22A7} = {79C4D573-3769-44DF-AE34-BFFBB808C92E}
		{1B57AAE3-706C-45D4-9BB0-CA035228EC1F} = {F20574BD-3D75-4983-8BA7-1B0F4CF95A71}
		{53544589-3989-4354-959A-13306F7A15E0} = {79C4D573-3769-44DF-AE34-BFFBB808C92E}
	EndGlobalSection
	GlobalSection(ExtensibilityGlobals) = postSolution
		SolutionGuid = {17A59B16-366C-47FE-9492-C407B8040545}
	EndGlobalSection
EndGlobal
